
Microsoft Visual Studio Solution File, Format Version 12.00
# Visual Studio 14
VisualStudioVersion = 14.0.24720.0
MinimumVisualStudioVersion = 10.0.40219.1
Project("{FAE04EC0-301F-11D3-BF4B-00C04F79EFBC}") = "微信支付之扫码支付", "微信支付之扫码支付\微信支付之扫码支付.csproj", "{BA22D049-3538-46C3-99CF-0C368DC119DF}"
EndProject
Project("{FAE04EC0-301F-11D3-BF4B-00C04F79EFBC}") = "LmxPublic", "..\..\PublicPackage\LmxPublic\LmxPublic.csproj", "{E3979D22-4451-44FC-9AE2-E25381EBD055}"
EndProject
Global
	GlobalSection(SolutionConfigurationPlatforms) = preSolution
		Debug|Any CPU = Debug|Any CPU
		Release|Any CPU = Release|Any CPU
	EndGlobalSection
	GlobalSection(ProjectConfigurationPlatforms) = postSolution
		{BA22D049-3538-46C3-99CF-0C368DC119DF}.Debug|Any CPU.ActiveCfg = Debug|Any CPU
		{BA22D049-3538-46C3-99CF-0C368DC119DF}.Debug|Any CPU.Build.0 = Debug|Any CPU
		{BA22D049-3538-46C3-99CF-0C368DC119DF}.Release|Any CPU.ActiveCfg = Release|Any CPU
		{BA22D049-3538-46C3-99CF-0C368DC119DF}.Release|Any CPU.Build.0 = Release|Any CPU
		{E3979D22-4451-44FC-9AE2-E25381EBD055}.Debug|Any CPU.ActiveCfg = Debug|Any CPU
		{E3979D22-4451-44FC-9AE2-E25381EBD055}.Debug|Any CPU.Build.0 = Debug|Any CPU
		{E3979D22-4451-44FC-9AE2-E25381EBD055}.Release|Any CPU.ActiveCfg = Release|Any CPU
		{E3979D22-4451-44FC-9AE2-E25381EBD055}.Release|Any CPU.Build.0 = Release|Any CPU
	EndGlobalSection
	GlobalSection(SolutionProperties) = preSolution
		HideSolutionNode = FALSE
	EndGlobalSection
EndGlobal
